
Microsoft Visual Studio Solution File, Format Version 12.00
# Visual Studio Version 16
VisualStudioVersion = 16.0.28803.202
MinimumVisualStudioVersion = 10.0.40219.1
Project("{FAE04EC0-301F-11D3-BF4B-00C04F79EFBC}") = "Ancient Wars v1.0", "Ancient Wars v1.0\Ancient Wars v1.0.csproj", "{B43D81D1-527C-41B1-943E-08196432CCE6}"
EndProject
Global
	GlobalSection(SolutionConfigurationPlatforms) = preSolution
		Debug|Any CPU = Debug|Any CPU
		Release|Any CPU = Release|Any CPU
	EndGlobalSection
	GlobalSection(ProjectConfigurationPlatforms) = postSolution
		{B43D81D1-527C-41B1-943E-08196432CCE6}.Debug|Any CPU.ActiveCfg = Debug|Any CPU
		{B43D81D1-527C-41B1-943E-08196432CCE6}.Debug|Any CPU.Build.0 = Debug|Any CPU
		{B43D81D1-527C-41B1-943E-08196432CCE6}.Release|Any CPU.ActiveCfg = Release|Any CPU
		{B43D81D1-527C-41B1-943E-08196432CCE6}.Release|Any CPU.Build.0 = Release|Any CPU
	EndGlobalSection
	GlobalSection(SolutionProperties) = preSolution
		HideSolutionNode = FALSE
	EndGlobalSection
	GlobalSection(ExtensibilityGlobals) = postSolution
		SolutionGuid = {77453907-FCED-4333-839D-CBE1C329AC92}
	EndGlobalSection
EndGlobal
