<?xml version="1.0" encoding="utf-8"?>
<Project ToolsVersion="4.0" xmlns="http://schemas.microsoft.com/developer/msbuild/2003">
  <ItemGroup>
    <Filter Include="Source Files">
      <UniqueIdentifier>{4FC737F1-C7A5-4376-A066-2A32D752A2FF}</UniqueIdentifier>
      <Extensions>cpp;c;cc;cxx;def;odl;idl;hpj;bat;asm;asmx</Extensions>
    </Filter>
    <Filter Include="Header Files">
      <UniqueIdentifier>{93995380-89BD-4b04-88EB-625FBE52EBFB}</UniqueIdentifier>
      <Extensions>h;hh;hpp;hxx;hm;inl;inc;ipp;xsd</Extensions>
    </Filter>
    <Filter Include="Resource Files">
      <UniqueIdentifier>{67DA6AB6-F800-4c08-8B7A-83BB121AAD01}</UniqueIdentifier>
      <Extensions>rc;ico;cur;bmp;dlg;rc2;rct;bin;rgs;gif;jpg;jpeg;jpe;resx;tiff;tif;png;wav;mfcribbon-ms</Extensions>
    </Filter>
    <Filter Include="C++ Coursefiles">
      <UniqueIdentifier>{853e2b6a-a907-474b-a594-b9cb511e08dd}</UniqueIdentifier>
    </Filter>
    <Filter Include="C++ Coursefiles\HeaderFiles">
      <UniqueIdentifier>{08dde8f6-ffcd-46ca-a66a-28be9508ac36}</UniqueIdentifier>
    </Filter>
    <Filter Include="C++ Coursefiles\CPPFiles">
      <UniqueIdentifier>{2f909009-d9b1-4c29-b081-6e3e7f54494f}</UniqueIdentifier>
    </Filter>
  </ItemGroup>
  <ItemGroup>
    <ClCompile Include="..\..\C++ Coursework Reference Files\BoardDirection.cpp">
      <Filter>C++ Coursefiles\CPPFiles</Filter>
    </ClCompile>
    <ClCompile Include="..\..\C++ Coursework Reference Files\BoardPosition.cpp">
      <Filter>C++ Coursefiles\CPPFiles</Filter>
    </ClCompile>
    <ClCompile Include="..\..\C++ Coursework Reference Files\ConnectFourBoard.cpp">
      <Filter>C++ Coursefiles\CPPFiles</Filter>
    </ClCompile>
    <ClCompile Include="..\..\C++ Coursework Reference Files\ConnectFourMove.cpp">
      <Filter>C++ Coursefiles\CPPFiles</Filter>
    </ClCompile>
    <ClCompile Include="..\..\C++ Coursework Reference Files\ConnectFourView.cpp">
      <Filter>C++ Coursefiles\CPPFiles</Filter>
    </ClCompile>
    <ClCompile Include="..\..\C++ Coursework Reference Files\Functional.cpp">
      <Filter>C++ Coursefiles\CPPFiles</Filter>
    </ClCompile>
    <ClCompile Include="..\..\C++ Coursework Reference Files\main.cpp">
      <Filter>C++ Coursefiles\CPPFiles</Filter>
    </ClCompile>
    <ClCompile Include="..\..\C++ Coursework Reference Files\OthelloBoard.cpp">
      <Filter>C++ Coursefiles\CPPFiles</Filter>
    </ClCompile>
    <ClCompile Include="..\..\C++ Coursework Reference Files\OthelloMove.cpp">
      <Filter>C++ Coursefiles\CPPFiles</Filter>
    </ClCompile>
    <ClCompile Include="..\..\C++ Coursework Reference Files\OthelloView.cpp">
      <Filter>C++ Coursefiles\CPPFiles</Filter>
    </ClCompile>
    <ClCompile Include="..\..\C++ Coursework Reference Files\TicTacToeBoard.cpp">
      <Filter>C++ Coursefiles\CPPFiles</Filter>
    </ClCompile>
    <ClCompile Include="..\..\C++ Coursework Reference Files\TicTacToeMove.cpp">
      <Filter>C++ Coursefiles\CPPFiles</Filter>
    </ClCompile>
    <ClCompile Include="..\..\C++ Coursework Reference Files\TicTacToeView.cpp">
      <Filter>C++ Coursefiles\CPPFiles</Filter>
    </ClCompile>
  </ItemGroup>
  <ItemGroup>
    <ClInclude Include="..\..\C++ Coursework Reference Files\BoardDirection.h">
      <Filter>Header Files</Filter>
    </ClInclude>
    <ClInclude Include="..\..\C++ Coursework Reference Files\BoardPosition.h">
      <Filter>Header Files</Filter>
    </ClInclude>
    <ClInclude Include="..\..\C++ Coursework Reference Files\Functional.h">
      <Filter>Header Files</Filter>
    </ClInclude>
    <ClInclude Include="..\..\C++ Coursework Reference Files\ConnectFourBoard.h">
      <Filter>C++ Coursefiles\HeaderFiles</Filter>
    </ClInclude>
    <ClInclude Include="..\..\C++ Coursework Reference Files\ConnectFourMove.h">
      <Filter>C++ Coursefiles\HeaderFiles</Filter>
    </ClInclude>
    <ClInclude Include="..\..\C++ Coursework Reference Files\ConnectFourView.h">
      <Filter>C++ Coursefiles\HeaderFiles</Filter>
    </ClInclude>
    <ClInclude Include="..\..\C++ Coursework Reference Files\DuelBoard.h">
      <Filter>C++ Coursefiles\HeaderFiles</Filter>
    </ClInclude>
    <ClInclude Include="..\..\C++ Coursework Reference Files\DuelMove.h">
      <Filter>C++ Coursefiles\HeaderFiles</Filter>
    </ClInclude>
    <ClInclude Include="..\..\C++ Coursework Reference Files\DuelView.h">
      <Filter>C++ Coursefiles\HeaderFiles</Filter>
    </ClInclude>
    <ClInclude Include="..\..\C++ Coursework Reference Files\GameBoard.h">
      <Filter>C++ Coursefiles\HeaderFiles</Filter>
    </ClInclude>
    <ClInclude Include="..\..\C++ Coursework Reference Files\GameMove.h">
      <Filter>C++ Coursefiles\HeaderFiles</Filter>
    </ClInclude>
    <ClInclude Include="..\..\C++ Coursework Reference Files\GameView.h">
      <Filter>C++ Coursefiles\HeaderFiles</Filter>
    </ClInclude>
    <ClInclude Include="..\..\C++ Coursework Reference Files\OthelloBoard.h">
      <Filter>C++ Coursefiles\HeaderFiles</Filter>
    </ClInclude>
    <ClInclude Include="..\..\C++ Coursework Reference Files\OthelloMove.h">
      <Filter>C++ Coursefiles\HeaderFiles</Filter>
    </ClInclude>
    <ClInclude Include="..\..\C++ Coursework Reference Files\OthelloView.h">
      <Filter>C++ Coursefiles\HeaderFiles</Filter>
    </ClInclude>
    <ClInclude Include="..\..\C++ Coursework Reference Files\TicTacToeBoard.h">
      <Filter>C++ Coursefiles\HeaderFiles</Filter>
    </ClInclude>
    <ClInclude Include="..\..\C++ Coursework Reference Files\TicTacToeMove.h">
      <Filter>C++ Coursefiles\HeaderFiles</Filter>
    </ClInclude>
    <ClInclude Include="..\..\C++ Coursework Reference Files\TicTacToeView.h">
      <Filter>C++ Coursefiles\HeaderFiles</Filter>
    </ClInclude>
  </ItemGroup>
</Project>